// !$*UTF8*$!
{
	archiveVersion = 1;
	classes = {
	};
	objectVersion = 56;
	objects = {

/* Begin PBXBuildFile section */
		3D1721B02C0732FC0044F1C7 /* GalleryPickerImageView.swift in Sources */ = {isa = PBXBuildFile; fileRef = 3D1721AF2C0732FC0044F1C7 /* GalleryPickerImageView.swift */; };
		3D1721B12C0732FC0044F1C7 /* GalleryPickerImageView.swift in Sources */ = {isa = PBXBuildFile; fileRef = 3D1721AF2C0732FC0044F1C7 /* GalleryPickerImageView.swift */; };
		3D1721B22C0732FC0044F1C7 /* GalleryPickerImageView.swift in Sources */ = {isa = PBXBuildFile; fileRef = 3D1721AF2C0732FC0044F1C7 /* GalleryPickerImageView.swift */; };
		3D2AE3E02C06C96600BF6D43 /* QrCodeApp.swift in Sources */ = {isa = PBXBuildFile; fileRef = 3D2AE3DF2C06C96600BF6D43 /* QrCodeApp.swift */; };
		3D2AE3E42C06C96900BF6D43 /* Assets.xcassets in Resources */ = {isa = PBXBuildFile; fileRef = 3D2AE3E32C06C96900BF6D43 /* Assets.xcassets */; };
		3D2AE3E72C06C96900BF6D43 /* Preview Assets.xcassets in Resources */ = {isa = PBXBuildFile; fileRef = 3D2AE3E62C06C96900BF6D43 /* Preview Assets.xcassets */; };
		3D2AE3F12C06C96A00BF6D43 /* QrCodeTests.swift in Sources */ = {isa = PBXBuildFile; fileRef = 3D2AE3F02C06C96A00BF6D43 /* QrCodeTests.swift */; };
		3D2AE3FB2C06C96A00BF6D43 /* QrCodeUITests.swift in Sources */ = {isa = PBXBuildFile; fileRef = 3D2AE3FA2C06C96A00BF6D43 /* QrCodeUITests.swift */; };
		3D2AE3FD2C06C96A00BF6D43 /* QrCodeUITestsLaunchTests.swift in Sources */ = {isa = PBXBuildFile; fileRef = 3D2AE3FC2C06C96A00BF6D43 /* QrCodeUITestsLaunchTests.swift */; };
		3D2AE44D2C06DB7C00BF6D43 /* DataState.swift in Sources */ = {isa = PBXBuildFile; fileRef = 3D2AE44C2C06DB7C00BF6D43 /* DataState.swift */; };
		3D699F3E2C09C990006822F2 /* URLPreview.swift in Sources */ = {isa = PBXBuildFile; fileRef = 3D699F3D2C09C990006822F2 /* URLPreview.swift */; };
		3D699F3F2C09C990006822F2 /* URLPreview.swift in Sources */ = {isa = PBXBuildFile; fileRef = 3D699F3D2C09C990006822F2 /* URLPreview.swift */; };
		3D699F402C09C990006822F2 /* URLPreview.swift in Sources */ = {isa = PBXBuildFile; fileRef = 3D699F3D2C09C990006822F2 /* URLPreview.swift */; };
		3D784DAE2C09A9CF004520F7 /* ScanQRRepresentable.swift in Sources */ = {isa = PBXBuildFile; fileRef = 3D784DAD2C09A9CF004520F7 /* ScanQRRepresentable.swift */; };
		3D784DAF2C09A9CF004520F7 /* ScanQRRepresentable.swift in Sources */ = {isa = PBXBuildFile; fileRef = 3D784DAD2C09A9CF004520F7 /* ScanQRRepresentable.swift */; };
		3D784DB02C09A9CF004520F7 /* ScanQRRepresentable.swift in Sources */ = {isa = PBXBuildFile; fileRef = 3D784DAD2C09A9CF004520F7 /* ScanQRRepresentable.swift */; };
		3DC068AF2C06E25900C89CA2 /* QRView.swift in Sources */ = {isa = PBXBuildFile; fileRef = 3DC068A62C06E25900C89CA2 /* QRView.swift */; };
		3DC068B02C06E25900C89CA2 /* QRView.swift in Sources */ = {isa = PBXBuildFile; fileRef = 3DC068A62C06E25900C89CA2 /* QRView.swift */; };
		3DC068B12C06E25900C89CA2 /* QRView.swift in Sources */ = {isa = PBXBuildFile; fileRef = 3DC068A62C06E25900C89CA2 /* QRView.swift */; };
		3DC068B22C06E25900C89CA2 /* ActionLabel.swift in Sources */ = {isa = PBXBuildFile; fileRef = 3DC068A72C06E25900C89CA2 /* ActionLabel.swift */; };
		3DC068B32C06E25900C89CA2 /* ActionLabel.swift in Sources */ = {isa = PBXBuildFile; fileRef = 3DC068A72C06E25900C89CA2 /* ActionLabel.swift */; };
		3DC068B42C06E25900C89CA2 /* ActionLabel.swift in Sources */ = {isa = PBXBuildFile; fileRef = 3DC068A72C06E25900C89CA2 /* ActionLabel.swift */; };
		3DC068B52C06E25900C89CA2 /* ScanQRView.swift in Sources */ = {isa = PBXBuildFile; fileRef = 3DC068A92C06E25900C89CA2 /* ScanQRView.swift */; };
		3DC068B62C06E25900C89CA2 /* ScanQRView.swift in Sources */ = {isa = PBXBuildFile; fileRef = 3DC068A92C06E25900C89CA2 /* ScanQRView.swift */; };
		3DC068B72C06E25900C89CA2 /* ScanQRView.swift in Sources */ = {isa = PBXBuildFile; fileRef = 3DC068A92C06E25900C89CA2 /* ScanQRView.swift */; };
		3DC068B82C06E25900C89CA2 /* GenerateQRView.swift in Sources */ = {isa = PBXBuildFile; fileRef = 3DC068AB2C06E25900C89CA2 /* GenerateQRView.swift */; };
		3DC068B92C06E25900C89CA2 /* GenerateQRView.swift in Sources */ = {isa = PBXBuildFile; fileRef = 3DC068AB2C06E25900C89CA2 /* GenerateQRView.swift */; };
		3DC068BA2C06E25900C89CA2 /* GenerateQRView.swift in Sources */ = {isa = PBXBuildFile; fileRef = 3DC068AB2C06E25900C89CA2 /* GenerateQRView.swift */; };
		3DC068BB2C06E25900C89CA2 /* MainDestination.swift in Sources */ = {isa = PBXBuildFile; fileRef = 3DC068AD2C06E25900C89CA2 /* MainDestination.swift */; };
		3DC068BC2C06E25900C89CA2 /* MainDestination.swift in Sources */ = {isa = PBXBuildFile; fileRef = 3DC068AD2C06E25900C89CA2 /* MainDestination.swift */; };
		3DC068BD2C06E25900C89CA2 /* MainDestination.swift in Sources */ = {isa = PBXBuildFile; fileRef = 3DC068AD2C06E25900C89CA2 /* MainDestination.swift */; };
		3DC068BE2C06E25900C89CA2 /* MainView.swift in Sources */ = {isa = PBXBuildFile; fileRef = 3DC068AE2C06E25900C89CA2 /* MainView.swift */; };
		3DC068BF2C06E25900C89CA2 /* MainView.swift in Sources */ = {isa = PBXBuildFile; fileRef = 3DC068AE2C06E25900C89CA2 /* MainView.swift */; };
		3DC068C02C06E25900C89CA2 /* MainView.swift in Sources */ = {isa = PBXBuildFile; fileRef = 3DC068AE2C06E25900C89CA2 /* MainView.swift */; };
		3DC068C42C06EB6000C89CA2 /* UIKit+extension.swift in Sources */ = {isa = PBXBuildFile; fileRef = 3DC068C32C06EB6000C89CA2 /* UIKit+extension.swift */; };
		3DC068C52C06EB6000C89CA2 /* UIKit+extension.swift in Sources */ = {isa = PBXBuildFile; fileRef = 3DC068C32C06EB6000C89CA2 /* UIKit+extension.swift */; };
		3DC068C62C06EB6000C89CA2 /* UIKit+extension.swift in Sources */ = {isa = PBXBuildFile; fileRef = 3DC068C32C06EB6000C89CA2 /* UIKit+extension.swift */; };
/* End PBXBuildFile section */

/* Begin PBXContainerItemProxy section */
		3D2AE3ED2C06C96A00BF6D43 /* PBXContainerItemProxy */ = {
			isa = PBXContainerItemProxy;
			containerPortal = 3D2AE3D42C06C96600BF6D43 /* Project object */;
			proxyType = 1;
			remoteGlobalIDString = 3D2AE3DB2C06C96600BF6D43;
			remoteInfo = QrCode;
		};
		3D2AE3F72C06C96A00BF6D43 /* PBXContainerItemProxy */ = {
			isa = PBXContainerItemProxy;
			containerPortal = 3D2AE3D42C06C96600BF6D43 /* Project object */;
			proxyType = 1;
			remoteGlobalIDString = 3D2AE3DB2C06C96600BF6D43;
			remoteInfo = QrCode;
		};
/* End PBXContainerItemProxy section */

/* Begin PBXFileReference section */
		3D1721AF2C0732FC0044F1C7 /* GalleryPickerImageView.swift */ = {isa = PBXFileReference; lastKnownFileType = sourcecode.swift; path = GalleryPickerImageView.swift; sourceTree = "<group>"; };
		3D2AE3DC2C06C96600BF6D43 /* QrCode.app */ = {isa = PBXFileReference; explicitFileType = wrapper.application; includeInIndex = 0; path = QrCode.app; sourceTree = BUILT_PRODUCTS_DIR; };
		3D2AE3DF2C06C96600BF6D43 /* QrCodeApp.swift */ = {isa = PBXFileReference; lastKnownFileType = sourcecode.swift; path = QrCodeApp.swift; sourceTree = "<group>"; };
		3D2AE3E32C06C96900BF6D43 /* Assets.xcassets */ = {isa = PBXFileReference; lastKnownFileType = folder.assetcatalog; path = Assets.xcassets; sourceTree = "<group>"; };
		3D2AE3E62C06C96900BF6D43 /* Preview Assets.xcassets */ = {isa = PBXFileReference; lastKnownFileType = folder.assetcatalog; path = "Preview Assets.xcassets"; sourceTree = "<group>"; };
		3D2AE3EC2C06C96A00BF6D43 /* QrCodeTests.xctest */ = {isa = PBXFileReference; explicitFileType = wrapper.cfbundle; includeInIndex = 0; path = QrCodeTests.xctest; sourceTree = BUILT_PRODUCTS_DIR; };
		3D2AE3F02C06C96A00BF6D43 /* QrCodeTests.swift */ = {isa = PBXFileReference; lastKnownFileType = sourcecode.swift; path = QrCodeTests.swift; sourceTree = "<group>"; };
		3D2AE3F62C06C96A00BF6D43 /* QrCodeUITests.xctest */ = {isa = PBXFileReference; explicitFileType = wrapper.cfbundle; includeInIndex = 0; path = QrCodeUITests.xctest; sourceTree = BUILT_PRODUCTS_DIR; };
		3D2AE3FA2C06C96A00BF6D43 /* QrCodeUITests.swift */ = {isa = PBXFileReference; lastKnownFileType = sourcecode.swift; path = QrCodeUITests.swift; sourceTree = "<group>"; };
		3D2AE3FC2C06C96A00BF6D43 /* QrCodeUITestsLaunchTests.swift */ = {isa = PBXFileReference; lastKnownFileType = sourcecode.swift; path = QrCodeUITestsLaunchTests.swift; sourceTree = "<group>"; };
		3D2AE44C2C06DB7C00BF6D43 /* DataState.swift */ = {isa = PBXFileReference; lastKnownFileType = sourcecode.swift; path = DataState.swift; sourceTree = "<group>"; };
		3D699F3D2C09C990006822F2 /* URLPreview.swift */ = {isa = PBXFileReference; lastKnownFileType = sourcecode.swift; path = URLPreview.swift; sourceTree = "<group>"; };
		3D784DAD2C09A9CF004520F7 /* ScanQRRepresentable.swift */ = {isa = PBXFileReference; lastKnownFileType = sourcecode.swift; path = ScanQRRepresentable.swift; sourceTree = "<group>"; };
		3DC068A62C06E25900C89CA2 /* QRView.swift */ = {isa = PBXFileReference; fileEncoding = 4; lastKnownFileType = sourcecode.swift; path = QRView.swift; sourceTree = "<group>"; };
		3DC068A72C06E25900C89CA2 /* ActionLabel.swift */ = {isa = PBXFileReference; fileEncoding = 4; lastKnownFileType = sourcecode.swift; path = ActionLabel.swift; sourceTree = "<group>"; };
		3DC068A92C06E25900C89CA2 /* ScanQRView.swift */ = {isa = PBXFileReference; fileEncoding = 4; lastKnownFileType = sourcecode.swift; path = ScanQRView.swift; sourceTree = "<group>"; };
		3DC068AB2C06E25900C89CA2 /* GenerateQRView.swift */ = {isa = PBXFileReference; fileEncoding = 4; lastKnownFileType = sourcecode.swift; path = GenerateQRView.swift; sourceTree = "<group>"; };
		3DC068AD2C06E25900C89CA2 /* MainDestination.swift */ = {isa = PBXFileReference; fileEncoding = 4; lastKnownFileType = sourcecode.swift; path = MainDestination.swift; sourceTree = "<group>"; };
		3DC068AE2C06E25900C89CA2 /* MainView.swift */ = {isa = PBXFileReference; fileEncoding = 4; lastKnownFileType = sourcecode.swift; path = MainView.swift; sourceTree = "<group>"; };
		3DC068C32C06EB6000C89CA2 /* UIKit+extension.swift */ = {isa = PBXFileReference; lastKnownFileType = sourcecode.swift; path = "UIKit+extension.swift"; sourceTree = "<group>"; };
/* End PBXFileReference section */

/* Begin PBXFrameworksBuildPhase section */
		3D2AE3D92C06C96600BF6D43 /* Frameworks */ = {
			isa = PBXFrameworksBuildPhase;
			buildActionMask = 2147483647;
			files = (
			);
			runOnlyForDeploymentPostprocessing = 0;
		};
		3D2AE3E92C06C96A00BF6D43 /* Frameworks */ = {
			isa = PBXFrameworksBuildPhase;
			buildActionMask = 2147483647;
			files = (
			);
			runOnlyForDeploymentPostprocessing = 0;
		};
		3D2AE3F32C06C96A00BF6D43 /* Frameworks */ = {
			isa = PBXFrameworksBuildPhase;
			buildActionMask = 2147483647;
			files = (
			);
			runOnlyForDeploymentPostprocessing = 0;
		};
/* End PBXFrameworksBuildPhase section */

/* Begin PBXGroup section */
		3D2AE3D32C06C96600BF6D43 = {
			isa = PBXGroup;
			children = (
				3D2AE3DE2C06C96600BF6D43 /* QrCode */,
				3D2AE3EF2C06C96A00BF6D43 /* QrCodeTests */,
				3D2AE3F92C06C96A00BF6D43 /* QrCodeUITests */,
				3D2AE3DD2C06C96600BF6D43 /* Products */,
			);
			sourceTree = "<group>";
		};
		3D2AE3DD2C06C96600BF6D43 /* Products */ = {
			isa = PBXGroup;
			children = (
				3D2AE3DC2C06C96600BF6D43 /* QrCode.app */,
				3D2AE3EC2C06C96A00BF6D43 /* QrCodeTests.xctest */,
				3D2AE3F62C06C96A00BF6D43 /* QrCodeUITests.xctest */,
			);
			name = Products;
			sourceTree = "<group>";
		};
		3D2AE3DE2C06C96600BF6D43 /* QrCode */ = {
			isa = PBXGroup;
			children = (
				3DC068C12C06EB3C00C89CA2 /* Extension */,
				3D2AE4092C06C98600BF6D43 /* App */,
				3D2AE42F2C06D89F00BF6D43 /* Model */,
				3DC068A42C06E25900C89CA2 /* Views */,
				3D2AE3E32C06C96900BF6D43 /* Assets.xcassets */,
				3D2AE3E52C06C96900BF6D43 /* Preview Content */,
			);
			path = QrCode;
			sourceTree = "<group>";
		};
		3D2AE3E52C06C96900BF6D43 /* Preview Content */ = {
			isa = PBXGroup;
			children = (
				3D2AE3E62C06C96900BF6D43 /* Preview Assets.xcassets */,
			);
			path = "Preview Content";
			sourceTree = "<group>";
		};
		3D2AE3EF2C06C96A00BF6D43 /* QrCodeTests */ = {
			isa = PBXGroup;
			children = (
				3D2AE3F02C06C96A00BF6D43 /* QrCodeTests.swift */,
			);
			path = QrCodeTests;
			sourceTree = "<group>";
		};
		3D2AE3F92C06C96A00BF6D43 /* QrCodeUITests */ = {
			isa = PBXGroup;
			children = (
				3D2AE3FA2C06C96A00BF6D43 /* QrCodeUITests.swift */,
				3D2AE3FC2C06C96A00BF6D43 /* QrCodeUITestsLaunchTests.swift */,
			);
			path = QrCodeUITests;
			sourceTree = "<group>";
		};
		3D2AE4092C06C98600BF6D43 /* App */ = {
			isa = PBXGroup;
			children = (
				3D2AE3DF2C06C96600BF6D43 /* QrCodeApp.swift */,
			);
			path = App;
			sourceTree = "<group>";
		};
		3D2AE42F2C06D89F00BF6D43 /* Model */ = {
			isa = PBXGroup;
			children = (
				3D2AE44C2C06DB7C00BF6D43 /* DataState.swift */,
			);
			path = Model;
			sourceTree = "<group>";
		};
		3D784DB22C09AAD4004520F7 /* Representables */ = {
			isa = PBXGroup;
			children = (
				3D784DAD2C09A9CF004520F7 /* ScanQRRepresentable.swift */,
				3D699F3D2C09C990006822F2 /* URLPreview.swift */,
			);
			path = Representables;
			sourceTree = "<group>";
		};
		3DC068A42C06E25900C89CA2 /* Views */ = {
			isa = PBXGroup;
			children = (
				3D784DB22C09AAD4004520F7 /* Representables */,
				3DC068A52C06E25900C89CA2 /* ShareViews */,
				3DC068A82C06E25900C89CA2 /* ScanQR */,
				3DC068AA2C06E25900C89CA2 /* GenerateQR */,
				3DC068AC2C06E25900C89CA2 /* Main */,
			);
			path = Views;
			sourceTree = "<group>";
		};
		3DC068A52C06E25900C89CA2 /* ShareViews */ = {
			isa = PBXGroup;
			children = (
				3DC068A62C06E25900C89CA2 /* QRView.swift */,
				3DC068A72C06E25900C89CA2 /* ActionLabel.swift */,
				3D1721AF2C0732FC0044F1C7 /* GalleryPickerImageView.swift */,
			);
			path = ShareViews;
			sourceTree = "<group>";
		};
		3DC068A82C06E25900C89CA2 /* ScanQR */ = {
			isa = PBXGroup;
			children = (
				3DC068A92C06E25900C89CA2 /* ScanQRView.swift */,
			);
			path = ScanQR;
			sourceTree = "<group>";
		};
		3DC068AA2C06E25900C89CA2 /* GenerateQR */ = {
			isa = PBXGroup;
			children = (
				3DC068AB2C06E25900C89CA2 /* GenerateQRView.swift */,
			);
			path = GenerateQR;
			sourceTree = "<group>";
		};
		3DC068AC2C06E25900C89CA2 /* Main */ = {
			isa = PBXGroup;
			children = (
				3DC068AD2C06E25900C89CA2 /* MainDestination.swift */,
				3DC068AE2C06E25900C89CA2 /* MainView.swift */,
			);
			path = Main;
			sourceTree = "<group>";
		};
		3DC068C12C06EB3C00C89CA2 /* Extension */ = {
			isa = PBXGroup;
			children = (
				3DC068C22C06EB4200C89CA2 /* UIKit */,
			);
			path = Extension;
			sourceTree = "<group>";
		};
		3DC068C22C06EB4200C89CA2 /* UIKit */ = {
			isa = PBXGroup;
			children = (
				3DC068C32C06EB6000C89CA2 /* UIKit+extension.swift */,
			);
			path = UIKit;
			sourceTree = "<group>";
		};
/* End PBXGroup section */

/* Begin PBXNativeTarget section */
		3D2AE3DB2C06C96600BF6D43 /* QrCode */ = {
			isa = PBXNativeTarget;
			buildConfigurationList = 3D2AE4002C06C96A00BF6D43 /* Build configuration list for PBXNativeTarget "QrCode" */;
			buildPhases = (
				3D2AE3D82C06C96600BF6D43 /* Sources */,
				3D2AE3D92C06C96600BF6D43 /* Frameworks */,
				3D2AE3DA2C06C96600BF6D43 /* Resources */,
			);
			buildRules = (
			);
			dependencies = (
			);
			name = QrCode;
			productName = QrCode;
			productReference = 3D2AE3DC2C06C96600BF6D43 /* QrCode.app */;
			productType = "com.apple.product-type.application";
		};
		3D2AE3EB2C06C96A00BF6D43 /* QrCodeTests */ = {
			isa = PBXNativeTarget;
			buildConfigurationList = 3D2AE4032C06C96A00BF6D43 /* Build configuration list for PBXNativeTarget "QrCodeTests" */;
			buildPhases = (
				3D2AE3E82C06C96A00BF6D43 /* Sources */,
				3D2AE3E92C06C96A00BF6D43 /* Frameworks */,
				3D2AE3EA2C06C96A00BF6D43 /* Resources */,
			);
			buildRules = (
			);
			dependencies = (
				3D2AE3EE2C06C96A00BF6D43 /* PBXTargetDependency */,
			);
			name = QrCodeTests;
			productName = QrCodeTests;
			productReference = 3D2AE3EC2C06C96A00BF6D43 /* QrCodeTests.xctest */;
			productType = "com.apple.product-type.bundle.unit-test";
		};
		3D2AE3F52C06C96A00BF6D43 /* QrCodeUITests */ = {
			isa = PBXNativeTarget;
			buildConfigurationList = 3D2AE4062C06C96A00BF6D43 /* Build configuration list for PBXNativeTarget "QrCodeUITests" */;
			buildPhases = (
				3D2AE3F22C06C96A00BF6D43 /* Sources */,
				3D2AE3F32C06C96A00BF6D43 /* Frameworks */,
				3D2AE3F42C06C96A00BF6D43 /* Resources */,
			);
			buildRules = (
			);
			dependencies = (
				3D2AE3F82C06C96A00BF6D43 /* PBXTargetDependency */,
			);
			name = QrCodeUITests;
			productName = QrCodeUITests;
			productReference = 3D2AE3F62C06C96A00BF6D43 /* QrCodeUITests.xctest */;
			productType = "com.apple.product-type.bundle.ui-testing";
		};
/* End PBXNativeTarget section */

/* Begin PBXProject section */
		3D2AE3D42C06C96600BF6D43 /* Project object */ = {
			isa = PBXProject;
			attributes = {
				BuildIndependentTargetsInParallel = 1;
				LastSwiftUpdateCheck = 1510;
				LastUpgradeCheck = 1510;
				TargetAttributes = {
					3D2AE3DB2C06C96600BF6D43 = {
						CreatedOnToolsVersion = 15.1;
					};
					3D2AE3EB2C06C96A00BF6D43 = {
						CreatedOnToolsVersion = 15.1;
						TestTargetID = 3D2AE3DB2C06C96600BF6D43;
					};
					3D2AE3F52C06C96A00BF6D43 = {
						CreatedOnToolsVersion = 15.1;
						TestTargetID = 3D2AE3DB2C06C96600BF6D43;
					};
				};
			};
			buildConfigurationList = 3D2AE3D72C06C96600BF6D43 /* Build configuration list for PBXProject "QrCode" */;
			compatibilityVersion = "Xcode 14.0";
			developmentRegion = en;
			hasScannedForEncodings = 0;
			knownRegions = (
				en,
				Base,
			);
			mainGroup = 3D2AE3D32C06C96600BF6D43;
			productRefGroup = 3D2AE3DD2C06C96600BF6D43 /* Products */;
			projectDirPath = "";
			projectRoot = "";
			targets = (
				3D2AE3DB2C06C96600BF6D43 /* QrCode */,
				3D2AE3EB2C06C96A00BF6D43 /* QrCodeTests */,
				3D2AE3F52C06C96A00BF6D43 /* QrCodeUITests */,
			);
		};
/* End PBXProject section */

/* Begin PBXResourcesBuildPhase section */
		3D2AE3DA2C06C96600BF6D43 /* Resources */ = {
			isa = PBXResourcesBuildPhase;
			buildActionMask = 2147483647;
			files = (
				3D2AE3E72C06C96900BF6D43 /* Preview Assets.xcassets in Resources */,
				3D2AE3E42C06C96900BF6D43 /* Assets.xcassets in Resources */,
			);
			runOnlyForDeploymentPostprocessing = 0;
		};
		3D2AE3EA2C06C96A00BF6D43 /* Resources */ = {
			isa = PBXResourcesBuildPhase;
			buildActionMask = 2147483647;
			files = (
			);
			runOnlyForDeploymentPostprocessing = 0;
		};
		3D2AE3F42C06C96A00BF6D43 /* Resources */ = {
			isa = PBXResourcesBuildPhase;
			buildActionMask = 2147483647;
			files = (
			);
			runOnlyForDeploymentPostprocessing = 0;
		};
/* End PBXResourcesBuildPhase section */

/* Begin PBXSourcesBuildPhase section */
		3D2AE3D82C06C96600BF6D43 /* Sources */ = {
			isa = PBXSourcesBuildPhase;
			buildActionMask = 2147483647;
			files = (
				3D2AE3E02C06C96600BF6D43 /* QrCodeApp.swift in Sources */,
				3D1721B02C0732FC0044F1C7 /* GalleryPickerImageView.swift in Sources */,
				3DC068BE2C06E25900C89CA2 /* MainView.swift in Sources */,
				3DC068AF2C06E25900C89CA2 /* QRView.swift in Sources */,
				3D699F3E2C09C990006822F2 /* URLPreview.swift in Sources */,
				3DC068B52C06E25900C89CA2 /* ScanQRView.swift in Sources */,
				3DC068BB2C06E25900C89CA2 /* MainDestination.swift in Sources */,
				3DC068B22C06E25900C89CA2 /* ActionLabel.swift in Sources */,
				3DC068B82C06E25900C89CA2 /* GenerateQRView.swift in Sources */,
				3D784DAE2C09A9CF004520F7 /* ScanQRRepresentable.swift in Sources */,
				3DC068C42C06EB6000C89CA2 /* UIKit+extension.swift in Sources */,
				3D2AE44D2C06DB7C00BF6D43 /* DataState.swift in Sources */,
			);
			runOnlyForDeploymentPostprocessing = 0;
		};
		3D2AE3E82C06C96A00BF6D43 /* Sources */ = {
			isa = PBXSourcesBuildPhase;
			buildActionMask = 2147483647;
			files = (
				3D1721B12C0732FC0044F1C7 /* GalleryPickerImageView.swift in Sources */,
				3D699F3F2C09C990006822F2 /* URLPreview.swift in Sources */,
				3D2AE3F12C06C96A00BF6D43 /* QrCodeTests.swift in Sources */,
				3DC068BF2C06E25900C89CA2 /* MainView.swift in Sources */,
				3DC068B02C06E25900C89CA2 /* QRView.swift in Sources */,
				3DC068B62C06E25900C89CA2 /* ScanQRView.swift in Sources */,
				3DC068BC2C06E25900C89CA2 /* MainDestination.swift in Sources */,
				3DC068B32C06E25900C89CA2 /* ActionLabel.swift in Sources */,
				3DC068C52C06EB6000C89CA2 /* UIKit+extension.swift in Sources */,
				3DC068B92C06E25900C89CA2 /* GenerateQRView.swift in Sources */,
				3D784DAF2C09A9CF004520F7 /* ScanQRRepresentable.swift in Sources */,
			);
			runOnlyForDeploymentPostprocessing = 0;
		};
		3D2AE3F22C06C96A00BF6D43 /* Sources */ = {
			isa = PBXSourcesBuildPhase;
			buildActionMask = 2147483647;
			files = (
				3DC068B72C06E25900C89CA2 /* ScanQRView.swift in Sources */,
				3D1721B22C0732FC0044F1C7 /* GalleryPickerImageView.swift in Sources */,
				3DC068C02C06E25900C89CA2 /* MainView.swift in Sources */,
				3D2AE3FD2C06C96A00BF6D43 /* QrCodeUITestsLaunchTests.swift in Sources */,
				3D699F402C09C990006822F2 /* URLPreview.swift in Sources */,
				3DC068B12C06E25900C89CA2 /* QRView.swift in Sources */,
				3D2AE3FB2C06C96A00BF6D43 /* QrCodeUITests.swift in Sources */,
				3DC068BA2C06E25900C89CA2 /* GenerateQRView.swift in Sources */,
				3DC068B42C06E25900C89CA2 /* ActionLabel.swift in Sources */,
				3D784DB02C09A9CF004520F7 /* ScanQRRepresentable.swift in Sources */,
				3DC068C62C06EB6000C89CA2 /* UIKit+extension.swift in Sources */,
				3DC068BD2C06E25900C89CA2 /* MainDestination.swift in Sources */,
			);
			runOnlyForDeploymentPostprocessing = 0;
		};
/* End PBXSourcesBuildPhase section */

/* Begin PBXTargetDependency section */
		3D2AE3EE2C06C96A00BF6D43 /* PBXTargetDependency */ = {
			isa = PBXTargetDependency;
			target = 3D2AE3DB2C06C96600BF6D43 /* QrCode */;
			targetProxy = 3D2AE3ED2C06C96A00BF6D43 /* PBXContainerItemProxy */;
		};
		3D2AE3F82C06C96A00BF6D43 /* PBXTargetDependency */ = {
			isa = PBXTargetDependency;
			target = 3D2AE3DB2C06C96600BF6D43 /* QrCode */;
			targetProxy = 3D2AE3F72C06C96A00BF6D43 /* PBXContainerItemProxy */;
		};
/* End PBXTargetDependency section */

/* Begin XCBuildConfiguration section */
		3D2AE3FE2C06C96A00BF6D43 /* Debug */ = {
			isa = XCBuildConfiguration;
			buildSettings = {
				ALWAYS_SEARCH_USER_PATHS = NO;
				ASSETCATALOG_COMPILER_GENERATE_SWIFT_ASSET_SYMBOL_EXTENSIONS = YES;
				CLANG_ANALYZER_NONNULL = YES;
				CLANG_ANALYZER_NUMBER_OBJECT_CONVERSION = YES_AGGRESSIVE;
				CLANG_CXX_LANGUAGE_STANDARD = "gnu++20";
				CLANG_ENABLE_MODULES = YES;
				CLANG_ENABLE_OBJC_ARC = YES;
				CLANG_ENABLE_OBJC_WEAK = YES;
				CLANG_WARN_BLOCK_CAPTURE_AUTORELEASING = YES;
				CLANG_WARN_BOOL_CONVERSION = YES;
				CLANG_WARN_COMMA = YES;
				CLANG_WARN_CONSTANT_CONVERSION = YES;
				CLANG_WARN_DEPRECATED_OBJC_IMPLEMENTATIONS = YES;
				CLANG_WARN_DIRECT_OBJC_ISA_USAGE = YES_ERROR;
				CLANG_WARN_DOCUMENTATION_COMMENTS = YES;
				CLANG_WARN_EMPTY_BODY = YES;
				CLANG_WARN_ENUM_CONVERSION = YES;
				CLANG_WARN_INFINITE_RECURSION = YES;
				CLANG_WARN_INT_CONVERSION = YES;
				CLANG_WARN_NON_LITERAL_NULL_CONVERSION = YES;
				CLANG_WARN_OBJC_IMPLICIT_RETAIN_SELF = YES;
				CLANG_WARN_OBJC_LITERAL_CONVERSION = YES;
				CLANG_WARN_OBJC_ROOT_CLASS = YES_ERROR;
				CLANG_WARN_QUOTED_INCLUDE_IN_FRAMEWORK_HEADER = YES;
				CLANG_WARN_RANGE_LOOP_ANALYSIS = YES;
				CLANG_WARN_STRICT_PROTOTYPES = YES;
				CLANG_WARN_SUSPICIOUS_MOVE = YES;
				CLANG_WARN_UNGUARDED_AVAILABILITY = YES_AGGRESSIVE;
				CLANG_WARN_UNREACHABLE_CODE = YES;
				CLANG_WARN__DUPLICATE_METHOD_MATCH = YES;
				COPY_PHASE_STRIP = NO;
				DEBUG_INFORMATION_FORMAT = dwarf;
				ENABLE_STRICT_OBJC_MSGSEND = YES;
				ENABLE_TESTABILITY = YES;
				ENABLE_USER_SCRIPT_SANDBOXING = YES;
				GCC_C_LANGUAGE_STANDARD = gnu17;
				GCC_DYNAMIC_NO_PIC = NO;
				GCC_NO_COMMON_BLOCKS = YES;
				GCC_OPTIMIZATION_LEVEL = 0;
				GCC_PREPROCESSOR_DEFINITIONS = (
					"DEBUG=1",
					"$(inherited)",
				);
				GCC_WARN_64_TO_32_BIT_CONVERSION = YES;
				GCC_WARN_ABOUT_RETURN_TYPE = YES_ERROR;
				GCC_WARN_UNDECLARED_SELECTOR = YES;
				GCC_WARN_UNINITIALIZED_AUTOS = YES_AGGRESSIVE;
				GCC_WARN_UNUSED_FUNCTION = YES;
				GCC_WARN_UNUSED_VARIABLE = YES;
				IPHONEOS_DEPLOYMENT_TARGET = 17.2;
				LOCALIZATION_PREFERS_STRING_CATALOGS = YES;
				MTL_ENABLE_DEBUG_INFO = INCLUDE_SOURCE;
				MTL_FAST_MATH = YES;
				ONLY_ACTIVE_ARCH = YES;
				SDKROOT = iphoneos;
				SWIFT_ACTIVE_COMPILATION_CONDITIONS = "DEBUG $(inherited)";
				SWIFT_OPTIMIZATION_LEVEL = "-Onone";
			};
			name = Debug;
		};
		3D2AE3FF2C06C96A00BF6D43 /* Release */ = {
			isa = XCBuildConfiguration;
			buildSettings = {
				ALWAYS_SEARCH_USER_PATHS = NO;
				ASSETCATALOG_COMPILER_GENERATE_SWIFT_ASSET_SYMBOL_EXTENSIONS = YES;
				CLANG_ANALYZER_NONNULL = YES;
				CLANG_ANALYZER_NUMBER_OBJECT_CONVERSION = YES_AGGRESSIVE;
				CLANG_CXX_LANGUAGE_STANDARD = "gnu++20";
				CLANG_ENABLE_MODULES = YES;
				CLANG_ENABLE_OBJC_ARC = YES;
				CLANG_ENABLE_OBJC_WEAK = YES;
				CLANG_WARN_BLOCK_CAPTURE_AUTORELEASING = YES;
				CLANG_WARN_BOOL_CONVERSION = YES;
				CLANG_WARN_COMMA = YES;
				CLANG_WARN_CONSTANT_CONVERSION = YES;
				CLANG_WARN_DEPRECATED_OBJC_IMPLEMENTATIONS = YES;
				CLANG_WARN_DIRECT_OBJC_ISA_USAGE = YES_ERROR;
				CLANG_WARN_DOCUMENTATION_COMMENTS = YES;
				CLANG_WARN_EMPTY_BODY = YES;
				CLANG_WARN_ENUM_CONVERSION = YES;
				CLANG_WARN_INFINITE_RECURSION = YES;
				CLANG_WARN_INT_CONVERSION = YES;
				CLANG_WARN_NON_LITERAL_NULL_CONVERSION = YES;
				CLANG_WARN_OBJC_IMPLICIT_RETAIN_SELF = YES;
				CLANG_WARN_OBJC_LITERAL_CONVERSION = YES;
				CLANG_WARN_OBJC_ROOT_CLASS = YES_ERROR;
				CLANG_WARN_QUOTED_INCLUDE_IN_FRAMEWORK_HEADER = YES;
				CLANG_WARN_RANGE_LOOP_ANALYSIS = YES;
				CLANG_WARN_STRICT_PROTOTYPES = YES;
				CLANG_WARN_SUSPICIOUS_MOVE = YES;
				CLANG_WARN_UNGUARDED_AVAILABILITY = YES_AGGRESSIVE;
				CLANG_WARN_UNREACHABLE_CODE = YES;
				CLANG_WARN__DUPLICATE_METHOD_MATCH = YES;
				COPY_PHASE_STRIP = NO;
				DEBUG_INFORMATION_FORMAT = "dwarf-with-dsym";
				ENABLE_NS_ASSERTIONS = NO;
				ENABLE_STRICT_OBJC_MSGSEND = YES;
				ENABLE_USER_SCRIPT_SANDBOXING = YES;
				GCC_C_LANGUAGE_STANDARD = gnu17;
				GCC_NO_COMMON_BLOCKS = YES;
				GCC_WARN_64_TO_32_BIT_CONVERSION = YES;
				GCC_WARN_ABOUT_RETURN_TYPE = YES_ERROR;
				GCC_WARN_UNDECLARED_SELECTOR = YES;
				GCC_WARN_UNINITIALIZED_AUTOS = YES_AGGRESSIVE;
				GCC_WARN_UNUSED_FUNCTION = YES;
				GCC_WARN_UNUSED_VARIABLE = YES;
				IPHONEOS_DEPLOYMENT_TARGET = 17.2;
				LOCALIZATION_PREFERS_STRING_CATALOGS = YES;
				MTL_ENABLE_DEBUG_INFO = NO;
				MTL_FAST_MATH = YES;
				SDKROOT = iphoneos;
				SWIFT_COMPILATION_MODE = wholemodule;
				VALIDATE_PRODUCT = YES;
			};
			name = Release;
		};
		3D2AE4012C06C96A00BF6D43 /* Debug */ = {
			isa = XCBuildConfiguration;
			buildSettings = {
				ASSETCATALOG_COMPILER_APPICON_NAME = AppIcon;
				ASSETCATALOG_COMPILER_GLOBAL_ACCENT_COLOR_NAME = AccentColor;
				CODE_SIGN_STYLE = Automatic;
				CURRENT_PROJECT_VERSION = 1;
				DEVELOPMENT_ASSET_PATHS = "\"QrCode/Preview Content\"";
				DEVELOPMENT_TEAM = 6AY3LGP972;
				ENABLE_PREVIEWS = YES;
				GENERATE_INFOPLIST_FILE = YES;
				INFOPLIST_KEY_NSCameraUsageDescription = "We need to access your camera to scan QR and barcodes.";
				INFOPLIST_KEY_UIApplicationSceneManifest_Generation = YES;
				INFOPLIST_KEY_UIApplicationSupportsIndirectInputEvents = YES;
				INFOPLIST_KEY_UILaunchScreen_Generation = YES;
				INFOPLIST_KEY_UISupportedInterfaceOrientations_iPad = "UIInterfaceOrientationPortrait UIInterfaceOrientationPortraitUpsideDown UIInterfaceOrientationLandscapeLeft UIInterfaceOrientationLandscapeRight";
				INFOPLIST_KEY_UISupportedInterfaceOrientations_iPhone = "UIInterfaceOrientationPortrait UIInterfaceOrientationLandscapeLeft UIInterfaceOrientationLandscapeRight";
				LD_RUNPATH_SEARCH_PATHS = (
					"$(inherited)",
					"@executable_path/Frameworks",
				);
				MARKETING_VERSION = 1.0;
				PRODUCT_BUNDLE_IDENTIFIER = com.pnam.QrCode;
				PRODUCT_NAME = "$(TARGET_NAME)";
				SWIFT_EMIT_LOC_STRINGS = YES;
				SWIFT_VERSION = 5.0;
				TARGETED_DEVICE_FAMILY = "1,2";
			};
			name = Debug;
		};
		3D2AE4022C06C96A00BF6D43 /* Release */ = {
			isa = XCBuildConfiguration;
			buildSettings = {
				ASSETCATALOG_COMPILER_APPICON_NAME = AppIcon;
				ASSETCATALOG_COMPILER_GLOBAL_ACCENT_COLOR_NAME = AccentColor;
				CODE_SIGN_STYLE = Automatic;
				CURRENT_PROJECT_VERSION = 1;
				DEVELOPMENT_ASSET_PATHS = "\"QrCode/Preview Content\"";
				DEVELOPMENT_TEAM = 6AY3LGP972;
				ENABLE_PREVIEWS = YES;
				GENERATE_INFOPLIST_FILE = YES;
				INFOPLIST_KEY_NSCameraUsageDescription = "We need to access your camera to scan QR and barcodes.";
				INFOPLIST_KEY_UIApplicationSceneManifest_Generation = YES;
				INFOPLIST_KEY_UIApplicationSupportsIndirectInputEvents = YES;
				INFOPLIST_KEY_UILaunchScreen_Generation = YES;
				INFOPLIST_KEY_UISupportedInterfaceOrientations_iPad = "UIInterfaceOrientationPortrait UIInterfaceOrientationPortraitUpsideDown UIInterfaceOrientationLandscapeLeft UIInterfaceOrientationLandscapeRight";
				INFOPLIST_KEY_UISupportedInterfaceOrientations_iPhone = "UIInterfaceOrientationPortrait UIInterfaceOrientationLandscapeLeft UIInterfaceOrientationLandscapeRight";
				LD_RUNPATH_SEARCH_PATHS = (
					"$(inherited)",
					"@executable_path/Frameworks",
				);
				MARKETING_VERSION = 1.0;
				PRODUCT_BUNDLE_IDENTIFIER = com.pnam.QrCode;
				PRODUCT_NAME = "$(TARGET_NAME)";
				SWIFT_EMIT_LOC_STRINGS = YES;
				SWIFT_VERSION = 5.0;
				TARGETED_DEVICE_FAMILY = "1,2";
			};
			name = Release;
		};
		3D2AE4042C06C96A00BF6D43 /* Debug */ = {
			isa = XCBuildConfiguration;
			buildSettings = {
				ALWAYS_EMBED_SWIFT_STANDARD_LIBRARIES = YES;
				BUNDLE_LOADER = "$(TEST_HOST)";
				CODE_SIGN_STYLE = Automatic;
				CURRENT_PROJECT_VERSION = 1;
				DEVELOPMENT_TEAM = 6AY3LGP972;
				GENERATE_INFOPLIST_FILE = YES;
				IPHONEOS_DEPLOYMENT_TARGET = 17.2;
				MARKETING_VERSION = 1.0;
				PRODUCT_BUNDLE_IDENTIFIER = com.pnam.QrCodeTests;
				PRODUCT_NAME = "$(TARGET_NAME)";
				SWIFT_EMIT_LOC_STRINGS = NO;
				SWIFT_VERSION = 5.0;
				TARGETED_DEVICE_FAMILY = "1,2";
				TEST_HOST = "$(BUILT_PRODUCTS_DIR)/QrCode.app/$(BUNDLE_EXECUTABLE_FOLDER_PATH)/QrCode";
			};
			name = Debug;
		};
		3D2AE4052C06C96A00BF6D43 /* Release */ = {
			isa = XCBuildConfiguration;
			buildSettings = {
				ALWAYS_EMBED_SWIFT_STANDARD_LIBRARIES = YES;
				BUNDLE_LOADER = "$(TEST_HOST)";
				CODE_SIGN_STYLE = Automatic;
				CURRENT_PROJECT_VERSION = 1;
				DEVELOPMENT_TEAM = 6AY3LGP972;
				GENERATE_INFOPLIST_FILE = YES;
				IPHONEOS_DEPLOYMENT_TARGET = 17.2;
				MARKETING_VERSION = 1.0;
				PRODUCT_BUNDLE_IDENTIFIER = com.pnam.QrCodeTests;
				PRODUCT_NAME = "$(TARGET_NAME)";
				SWIFT_EMIT_LOC_STRINGS = NO;
				SWIFT_VERSION = 5.0;
				TARGETED_DEVICE_FAMILY = "1,2";
				TEST_HOST = "$(BUILT_PRODUCTS_DIR)/QrCode.app/$(BUNDLE_EXECUTABLE_FOLDER_PATH)/QrCode";
			};
			name = Release;
		};
		3D2AE4072C06C96A00BF6D43 /* Debug */ = {
			isa = XCBuildConfiguration;
			buildSettings = {
				ALWAYS_EMBED_SWIFT_STANDARD_LIBRARIES = YES;
				CODE_SIGN_STYLE = Automatic;
				CURRENT_PROJECT_VERSION = 1;
				DEVELOPMENT_TEAM = 6AY3LGP972;
				GENERATE_INFOPLIST_FILE = YES;
				MARKETING_VERSION = 1.0;
				PRODUCT_BUNDLE_IDENTIFIER = com.pnam.QrCodeUITests;
				PRODUCT_NAME = "$(TARGET_NAME)";
				SWIFT_EMIT_LOC_STRINGS = NO;
				SWIFT_VERSION = 5.0;
				TARGETED_DEVICE_FAMILY = "1,2";
				TEST_TARGET_NAME = QrCode;
			};
			name = Debug;
		};
		3D2AE4082C06C96A00BF6D43 /* Release */ = {
			isa = XCBuildConfiguration;
			buildSettings = {
				ALWAYS_EMBED_SWIFT_STANDARD_LIBRARIES = YES;
				CODE_SIGN_STYLE = Automatic;
				CURRENT_PROJECT_VERSION = 1;
				DEVELOPMENT_TEAM = 6AY3LGP972;
				GENERATE_INFOPLIST_FILE = YES;
				MARKETING_VERSION = 1.0;
				PRODUCT_BUNDLE_IDENTIFIER = com.pnam.QrCodeUITests;
				PRODUCT_NAME = "$(TARGET_NAME)";
				SWIFT_EMIT_LOC_STRINGS = NO;
				SWIFT_VERSION = 5.0;
				TARGETED_DEVICE_FAMILY = "1,2";
				TEST_TARGET_NAME = QrCode;
			};
			name = Release;
		};
/* End XCBuildConfiguration section */

/* Begin XCConfigurationList section */
		3D2AE3D72C06C96600BF6D43 /* Build configuration list for PBXProject "QrCode" */ = {
			isa = XCConfigurationList;
			buildConfigurations = (
				3D2AE3FE2C06C96A00BF6D43 /* Debug */,
				3D2AE3FF2C06C96A00BF6D43 /* Release */,
			);
			defaultConfigurationIsVisible = 0;
			defaultConfigurationName = Release;
		};
		3D2AE4002C06C96A00BF6D43 /* Build configuration list for PBXNativeTarget "QrCode" */ = {
			isa = XCConfigurationList;
			buildConfigurations = (
				3D2AE4012C06C96A00BF6D43 /* Debug */,
				3D2AE4022C06C96A00BF6D43 /* Release */,
			);
			defaultConfigurationIsVisible = 0;
			defaultConfigurationName = Release;
		};
		3D2AE4032C06C96A00BF6D43 /* Build configuration list for PBXNativeTarget "QrCodeTests" */ = {
			isa = XCConfigurationList;
			buildConfigurations = (
				3D2AE4042C06C96A00BF6D43 /* Debug */,
				3D2AE4052C06C96A00BF6D43 /* Release */,
			);
			defaultConfigurationIsVisible = 0;
			defaultConfigurationName = Release;
		};
		3D2AE4062C06C96A00BF6D43 /* Build configuration list for PBXNativeTarget "QrCodeUITests" */ = {
			isa = XCConfigurationList;
			buildConfigurations = (
				3D2AE4072C06C96A00BF6D43 /* Debug */,
				3D2AE4082C06C96A00BF6D43 /* Release */,
			);
			defaultConfigurationIsVisible = 0;
			defaultConfigurationName = Release;
		};
/* End XCConfigurationList section */
	};
	rootObject = 3D2AE3D42C06C96600BF6D43 /* Project object */;
}
